
Microsoft Visual Studio Solution File, Format Version 12.00
# Visual Studio 15
VisualStudioVersion = 15.0.26430.16
MinimumVisualStudioVersion = 10.0.40219.1
Project("{FAE04EC0-301F-11D3-BF4B-00C04F79EFBC}") = "FilosofosQueJantam", "FilosofosQueJantam\FilosofosQueJantam.csproj", "{2BD24D48-DEAB-47DA-847E-E605C1E629EF}"
EndProject
Global
	GlobalSection(SolutionConfigurationPlatforms) = preSolution
		Debug|Any CPU = Debug|Any CPU
		Release|Any CPU = Release|Any CPU
	EndGlobalSection
	GlobalSection(ProjectConfigurationPlatforms) = postSolution
		{2BD24D48-DEAB-47DA-847E-E605C1E629EF}.Debug|Any CPU.ActiveCfg = Debug|Any CPU
		{2BD24D48-DEAB-47DA-847E-E605C1E629EF}.Debug|Any CPU.Build.0 = Debug|Any CPU
		{2BD24D48-DEAB-47DA-847E-E605C1E629EF}.Release|Any CPU.ActiveCfg = Release|Any CPU
		{2BD24D48-DEAB-47DA-847E-E605C1E629EF}.Release|Any CPU.Build.0 = Release|Any CPU
	EndGlobalSection
	GlobalSection(SolutionProperties) = preSolution
		HideSolutionNode = FALSE
	EndGlobalSection
EndGlobal
